
Microsoft Visual Studio Solution File, Format Version 12.00
# Visual Studio 15
VisualStudioVersion = 15.0.28010.2046
MinimumVisualStudioVersion = 10.0.40219.1
Project("{FAE04EC0-301F-11D3-BF4B-00C04F79EFBC}") = "LibraryManagementSystem", "LibraryManagementSystem\LibraryManagementSystem.csproj", "{C09BE717-1C78-41BA-94F8-9267DA426619}"
EndProject
Project("{FAE04EC0-301F-11D3-BF4B-00C04F79EFBC}") = "LibraryManagementSystem.Tests", "LibraryManagementSystem.Tests\LibraryManagementSystem.Tests.csproj", "{7924C94B-5237-427A-8E3E-3DAB2793308C}"
EndProject
Global
	GlobalSection(SolutionConfigurationPlatforms) = preSolution
		Debug|Any CPU = Debug|Any CPU
		Release|Any CPU = Release|Any CPU
	EndGlobalSection
	GlobalSection(ProjectConfigurationPlatforms) = postSolution
		{C09BE717-1C78-41BA-94F8-9267DA426619}.Debug|Any CPU.ActiveCfg = Debug|Any CPU
		{C09BE717-1C78-41BA-94F8-9267DA426619}.Debug|Any CPU.Build.0 = Debug|Any CPU
		{C09BE717-1C78-41BA-94F8-9267DA426619}.Release|Any CPU.ActiveCfg = Release|Any CPU
		{C09BE717-1C78-41BA-94F8-9267DA426619}.Release|Any CPU.Build.0 = Release|Any CPU
		{7924C94B-5237-427A-8E3E-3DAB2793308C}.Debug|Any CPU.ActiveCfg = Debug|Any CPU
		{7924C94B-5237-427A-8E3E-3DAB2793308C}.Debug|Any CPU.Build.0 = Debug|Any CPU
		{7924C94B-5237-427A-8E3E-3DAB2793308C}.Release|Any CPU.ActiveCfg = Release|Any CPU
		{7924C94B-5237-427A-8E3E-3DAB2793308C}.Release|Any CPU.Build.0 = Release|Any CPU
	EndGlobalSection
	GlobalSection(SolutionProperties) = preSolution
		HideSolutionNode = FALSE
	EndGlobalSection
	GlobalSection(ExtensibilityGlobals) = postSolution
		SolutionGuid = {12A5148A-38BC-4CBC-9D85-A682A9125610}
	EndGlobalSection
EndGlobal
